// !$*UTF8*$!
{
	archiveVersion = 1;
	classes = {
	};
	objectVersion = 56;
	objects = {

/* Begin PBXBuildFile section */
		A9D122062B7F421F002C254A /* AppDelegate.swift in Sources */ = {isa = PBXBuildFile; fileRef = A9D122052B7F421F002C254A /* AppDelegate.swift */; };
		A9D122082B7F421F002C254A /* SceneDelegate.swift in Sources */ = {isa = PBXBuildFile; fileRef = A9D122072B7F421F002C254A /* SceneDelegate.swift */; };
		A9D1220A2B7F421F002C254A /* ViewController.swift in Sources */ = {isa = PBXBuildFile; fileRef = A9D122092B7F421F002C254A /* ViewController.swift */; };
		A9D1220D2B7F421F002C254A /* Main.storyboard in Resources */ = {isa = PBXBuildFile; fileRef = A9D1220B2B7F421F002C254A /* Main.storyboard */; };
		A9D122102B7F421F002C254A /* avenger_test.xcdatamodeld in Sources */ = {isa = PBXBuildFile; fileRef = A9D1220E2B7F421F002C254A /* avenger_test.xcdatamodeld */; };
		A9D122122B7F4221002C254A /* Assets.xcassets in Resources */ = {isa = PBXBuildFile; fileRef = A9D122112B7F4221002C254A /* Assets.xcassets */; };
		A9D122152B7F4221002C254A /* LaunchScreen.storyboard in Resources */ = {isa = PBXBuildFile; fileRef = A9D122132B7F4221002C254A /* LaunchScreen.storyboard */; };
		A9D122202B7F4221002C254A /* avenger_testTests.swift in Sources */ = {isa = PBXBuildFile; fileRef = A9D1221F2B7F4221002C254A /* avenger_testTests.swift */; };
		A9D1222A2B7F4221002C254A /* avenger_testUITests.swift in Sources */ = {isa = PBXBuildFile; fileRef = A9D122292B7F4221002C254A /* avenger_testUITests.swift */; };
		A9D1222C2B7F4221002C254A /* avenger_testUITestsLaunchTests.swift in Sources */ = {isa = PBXBuildFile; fileRef = A9D1222B2B7F4221002C254A /* avenger_testUITestsLaunchTests.swift */; };
/* End PBXBuildFile section */

/* Begin PBXContainerItemProxy section */
		A9D1221C2B7F4221002C254A /* PBXContainerItemProxy */ = {
			isa = PBXContainerItemProxy;
			containerPortal = A9D121FA2B7F421F002C254A /* Project object */;
			proxyType = 1;
			remoteGlobalIDString = A9D122012B7F421F002C254A;
			remoteInfo = "avenger-test";
		};
		A9D122262B7F4221002C254A /* PBXContainerItemProxy */ = {
			isa = PBXContainerItemProxy;
			containerPortal = A9D121FA2B7F421F002C254A /* Project object */;
			proxyType = 1;
			remoteGlobalIDString = A9D122012B7F421F002C254A;
			remoteInfo = "avenger-test";
		};
/* End PBXContainerItemProxy section */

/* Begin PBXFileReference section */
		A9D122022B7F421F002C254A /* avenger-test.app */ = {isa = PBXFileReference; explicitFileType = wrapper.application; includeInIndex = 0; path = "avenger-test.app"; sourceTree = BUILT_PRODUCTS_DIR; };
		A9D122052B7F421F002C254A /* AppDelegate.swift */ = {isa = PBXFileReference; lastKnownFileType = sourcecode.swift; path = AppDelegate.swift; sourceTree = "<group>"; };
		A9D122072B7F421F002C254A /* SceneDelegate.swift */ = {isa = PBXFileReference; lastKnownFileType = sourcecode.swift; path = SceneDelegate.swift; sourceTree = "<group>"; };
		A9D122092B7F421F002C254A /* ViewController.swift */ = {isa = PBXFileReference; lastKnownFileType = sourcecode.swift; path = ViewController.swift; sourceTree = "<group>"; };
		A9D1220C2B7F421F002C254A /* Base */ = {isa = PBXFileReference; lastKnownFileType = file.storyboard; name = Base; path = Base.lproj/Main.storyboard; sourceTree = "<group>"; };
		A9D1220F2B7F421F002C254A /* avenger_test.xcdatamodel */ = {isa = PBXFileReference; lastKnownFileType = wrapper.xcdatamodel; path = avenger_test.xcdatamodel; sourceTree = "<group>"; };
		A9D122112B7F4221002C254A /* Assets.xcassets */ = {isa = PBXFileReference; lastKnownFileType = folder.assetcatalog; path = Assets.xcassets; sourceTree = "<group>"; };
		A9D122142B7F4221002C254A /* Base */ = {isa = PBXFileReference; lastKnownFileType = file.storyboard; name = Base; path = Base.lproj/LaunchScreen.storyboard; sourceTree = "<group>"; };
		A9D122162B7F4221002C254A /* Info.plist */ = {isa = PBXFileReference; lastKnownFileType = text.plist.xml; path = Info.plist; sourceTree = "<group>"; };
		A9D1221B2B7F4221002C254A /* avenger-testTests.xctest */ = {isa = PBXFileReference; explicitFileType = wrapper.cfbundle; includeInIndex = 0; path = "avenger-testTests.xctest"; sourceTree = BUILT_PRODUCTS_DIR; };
		A9D1221F2B7F4221002C254A /* avenger_testTests.swift */ = {isa = PBXFileReference; lastKnownFileType = sourcecode.swift; path = avenger_testTests.swift; sourceTree = "<group>"; };
		A9D122252B7F4221002C254A /* avenger-testUITests.xctest */ = {isa = PBXFileReference; explicitFileType = wrapper.cfbundle; includeInIndex = 0; path = "avenger-testUITests.xctest"; sourceTree = BUILT_PRODUCTS_DIR; };
		A9D122292B7F4221002C254A /* avenger_testUITests.swift */ = {isa = PBXFileReference; lastKnownFileType = sourcecode.swift; path = avenger_testUITests.swift; sourceTree = "<group>"; };
		A9D1222B2B7F4221002C254A /* avenger_testUITestsLaunchTests.swift */ = {isa = PBXFileReference; lastKnownFileType = sourcecode.swift; path = avenger_testUITestsLaunchTests.swift; sourceTree = "<group>"; };
/* End PBXFileReference section */

/* Begin PBXFrameworksBuildPhase section */
		A9D121FF2B7F421F002C254A /* Frameworks */ = {
			isa = PBXFrameworksBuildPhase;
			buildActionMask = 2147483647;
			files = (
			);
			runOnlyForDeploymentPostprocessing = 0;
		};
		A9D122182B7F4221002C254A /* Frameworks */ = {
			isa = PBXFrameworksBuildPhase;
			buildActionMask = 2147483647;
			files = (
			);
			runOnlyForDeploymentPostprocessing = 0;
		};
		A9D122222B7F4221002C254A /* Frameworks */ = {
			isa = PBXFrameworksBuildPhase;
			buildActionMask = 2147483647;
			files = (
			);
			runOnlyForDeploymentPostprocessing = 0;
		};
/* End PBXFrameworksBuildPhase section */

/* Begin PBXGroup section */
		A9D121F92B7F421F002C254A = {
			isa = PBXGroup;
			children = (
				A9D122042B7F421F002C254A /* avenger-test */,
				A9D1221E2B7F4221002C254A /* avenger-testTests */,
				A9D122282B7F4221002C254A /* avenger-testUITests */,
				A9D122032B7F421F002C254A /* Products */,
			);
			sourceTree = "<group>";
		};
		A9D122032B7F421F002C254A /* Products */ = {
			isa = PBXGroup;
			children = (
				A9D122022B7F421F002C254A /* avenger-test.app */,
				A9D1221B2B7F4221002C254A /* avenger-testTests.xctest */,
				A9D122252B7F4221002C254A /* avenger-testUITests.xctest */,
			);
			name = Products;
			sourceTree = "<group>";
		};
		A9D122042B7F421F002C254A /* avenger-test */ = {
			isa = PBXGroup;
			children = (
				A9D122052B7F421F002C254A /* AppDelegate.swift */,
				A9D122072B7F421F002C254A /* SceneDelegate.swift */,
				A9D122092B7F421F002C254A /* ViewController.swift */,
				A9D1220B2B7F421F002C254A /* Main.storyboard */,
				A9D122112B7F4221002C254A /* Assets.xcassets */,
				A9D122132B7F4221002C254A /* LaunchScreen.storyboard */,
				A9D122162B7F4221002C254A /* Info.plist */,
				A9D1220E2B7F421F002C254A /* avenger_test.xcdatamodeld */,
			);
			path = "avenger-test";
			sourceTree = "<group>";
		};
		A9D1221E2B7F4221002C254A /* avenger-testTests */ = {
			isa = PBXGroup;
			children = (
				A9D1221F2B7F4221002C254A /* avenger_testTests.swift */,
			);
			path = "avenger-testTests";
			sourceTree = "<group>";
		};
		A9D122282B7F4221002C254A /* avenger-testUITests */ = {
			isa = PBXGroup;
			children = (
				A9D122292B7F4221002C254A /* avenger_testUITests.swift */,
				A9D1222B2B7F4221002C254A /* avenger_testUITestsLaunchTests.swift */,
			);
			path = "avenger-testUITests";
			sourceTree = "<group>";
		};
/* End PBXGroup section */

/* Begin PBXNativeTarget section */
		A9D122012B7F421F002C254A /* avenger-test */ = {
			isa = PBXNativeTarget;
			buildConfigurationList = A9D1222F2B7F4221002C254A /* Build configuration list for PBXNativeTarget "avenger-test" */;
			buildPhases = (
				A9D121FE2B7F421F002C254A /* Sources */,
				A9D121FF2B7F421F002C254A /* Frameworks */,
				A9D122002B7F421F002C254A /* Resources */,
			);
			buildRules = (
			);
			dependencies = (
			);
			name = "avenger-test";
			productName = "avenger-test";
			productReference = A9D122022B7F421F002C254A /* avenger-test.app */;
			productType = "com.apple.product-type.application";
		};
		A9D1221A2B7F4221002C254A /* avenger-testTests */ = {
			isa = PBXNativeTarget;
			buildConfigurationList = A9D122322B7F4221002C254A /* Build configuration list for PBXNativeTarget "avenger-testTests" */;
			buildPhases = (
				A9D122172B7F4221002C254A /* Sources */,
				A9D122182B7F4221002C254A /* Frameworks */,
				A9D122192B7F4221002C254A /* Resources */,
			);
			buildRules = (
			);
			dependencies = (
				A9D1221D2B7F4221002C254A /* PBXTargetDependency */,
			);
			name = "avenger-testTests";
			productName = "avenger-testTests";
			productReference = A9D1221B2B7F4221002C254A /* avenger-testTests.xctest */;
			productType = "com.apple.product-type.bundle.unit-test";
		};
		A9D122242B7F4221002C254A /* avenger-testUITests */ = {
			isa = PBXNativeTarget;
			buildConfigurationList = A9D122352B7F4221002C254A /* Build configuration list for PBXNativeTarget "avenger-testUITests" */;
			buildPhases = (
				A9D122212B7F4221002C254A /* Sources */,
				A9D122222B7F4221002C254A /* Frameworks */,
				A9D122232B7F4221002C254A /* Resources */,
			);
			buildRules = (
			);
			dependencies = (
				A9D122272B7F4221002C254A /* PBXTargetDependency */,
			);
			name = "avenger-testUITests";
			productName = "avenger-testUITests";
			productReference = A9D122252B7F4221002C254A /* avenger-testUITests.xctest */;
			productType = "com.apple.product-type.bundle.ui-testing";
		};
/* End PBXNativeTarget section */

/* Begin PBXProject section */
		A9D121FA2B7F421F002C254A /* Project object */ = {
			isa = PBXProject;
			attributes = {
				BuildIndependentTargetsInParallel = 1;
				LastSwiftUpdateCheck = 1510;
				LastUpgradeCheck = 1510;
				TargetAttributes = {
					A9D122012B7F421F002C254A = {
						CreatedOnToolsVersion = 15.1;
					};
					A9D1221A2B7F4221002C254A = {
						CreatedOnToolsVersion = 15.1;
						TestTargetID = A9D122012B7F421F002C254A;
					};
					A9D122242B7F4221002C254A = {
						CreatedOnToolsVersion = 15.1;
						TestTargetID = A9D122012B7F421F002C254A;
					};
				};
			};
			buildConfigurationList = A9D121FD2B7F421F002C254A /* Build configuration list for PBXProject "avenger-test" */;
			compatibilityVersion = "Xcode 14.0";
			developmentRegion = en;
			hasScannedForEncodings = 0;
			knownRegions = (
				en,
				Base,
			);
			mainGroup = A9D121F92B7F421F002C254A;
			productRefGroup = A9D122032B7F421F002C254A /* Products */;
			projectDirPath = "";
			projectRoot = "";
			targets = (
				A9D122012B7F421F002C254A /* avenger-test */,
				A9D1221A2B7F4221002C254A /* avenger-testTests */,
				A9D122242B7F4221002C254A /* avenger-testUITests */,
			);
		};
/* End PBXProject section */

/* Begin PBXResourcesBuildPhase section */
		A9D122002B7F421F002C254A /* Resources */ = {
			isa = PBXResourcesBuildPhase;
			buildActionMask = 2147483647;
			files = (
				A9D122152B7F4221002C254A /* LaunchScreen.storyboard in Resources */,
				A9D122122B7F4221002C254A /* Assets.xcassets in Resources */,
				A9D1220D2B7F421F002C254A /* Main.storyboard in Resources */,
			);
			runOnlyForDeploymentPostprocessing = 0;
		};
		A9D122192B7F4221002C254A /* Resources */ = {
			isa = PBXResourcesBuildPhase;
			buildActionMask = 2147483647;
			files = (
			);
			runOnlyForDeploymentPostprocessing = 0;
		};
		A9D122232B7F4221002C254A /* Resources */ = {
			isa = PBXResourcesBuildPhase;
			buildActionMask = 2147483647;
			files = (
			);
			runOnlyForDeploymentPostprocessing = 0;
		};
/* End PBXResourcesBuildPhase section */

/* Begin PBXSourcesBuildPhase section */
		A9D121FE2B7F421F002C254A /* Sources */ = {
			isa = PBXSourcesBuildPhase;
			buildActionMask = 2147483647;
			files = (
				A9D122102B7F421F002C254A /* avenger_test.xcdatamodeld in Sources */,
				A9D1220A2B7F421F002C254A /* ViewController.swift in Sources */,
				A9D122062B7F421F002C254A /* AppDelegate.swift in Sources */,
				A9D122082B7F421F002C254A /* SceneDelegate.swift in Sources */,
			);
			runOnlyForDeploymentPostprocessing = 0;
		};
		A9D122172B7F4221002C254A /* Sources */ = {
			isa = PBXSourcesBuildPhase;
			buildActionMask = 2147483647;
			files = (
				A9D122202B7F4221002C254A /* avenger_testTests.swift in Sources */,
			);
			runOnlyForDeploymentPostprocessing = 0;
		};
		A9D122212B7F4221002C254A /* Sources */ = {
			isa = PBXSourcesBuildPhase;
			buildActionMask = 2147483647;
			files = (
				A9D1222A2B7F4221002C254A /* avenger_testUITests.swift in Sources */,
				A9D1222C2B7F4221002C254A /* avenger_testUITestsLaunchTests.swift in Sources */,
			);
			runOnlyForDeploymentPostprocessing = 0;
		};
/* End PBXSourcesBuildPhase section */

/* Begin PBXTargetDependency section */
		A9D1221D2B7F4221002C254A /* PBXTargetDependency */ = {
			isa = PBXTargetDependency;
			target = A9D122012B7F421F002C254A /* avenger-test */;
			targetProxy = A9D1221C2B7F4221002C254A /* PBXContainerItemProxy */;
		};
		A9D122272B7F4221002C254A /* PBXTargetDependency */ = {
			isa = PBXTargetDependency;
			target = A9D122012B7F421F002C254A /* avenger-test */;
			targetProxy = A9D122262B7F4221002C254A /* PBXContainerItemProxy */;
		};
/* End PBXTargetDependency section */

/* Begin PBXVariantGroup section */
		A9D1220B2B7F421F002C254A /* Main.storyboard */ = {
			isa = PBXVariantGroup;
			children = (
				A9D1220C2B7F421F002C254A /* Base */,
			);
			name = Main.storyboard;
			sourceTree = "<group>";
		};
		A9D122132B7F4221002C254A /* LaunchScreen.storyboard */ = {
			isa = PBXVariantGroup;
			children = (
				A9D122142B7F4221002C254A /* Base */,
			);
			name = LaunchScreen.storyboard;
			sourceTree = "<group>";
		};
/* End PBXVariantGroup section */

/* Begin XCBuildConfiguration section */
		A9D1222D2B7F4221002C254A /* Debug */ = {
			isa = XCBuildConfiguration;
			buildSettings = {
				ALWAYS_SEARCH_USER_PATHS = NO;
				ASSETCATALOG_COMPILER_GENERATE_SWIFT_ASSET_SYMBOL_EXTENSIONS = YES;
				CLANG_ANALYZER_NONNULL = YES;
				CLANG_ANALYZER_NUMBER_OBJECT_CONVERSION = YES_AGGRESSIVE;
				CLANG_CXX_LANGUAGE_STANDARD = "gnu++20";
				CLANG_ENABLE_MODULES = YES;
				CLANG_ENABLE_OBJC_ARC = YES;
				CLANG_ENABLE_OBJC_WEAK = YES;
				CLANG_WARN_BLOCK_CAPTURE_AUTORELEASING = YES;
				CLANG_WARN_BOOL_CONVERSION = YES;
				CLANG_WARN_COMMA = YES;
				CLANG_WARN_CONSTANT_CONVERSION = YES;
				CLANG_WARN_DEPRECATED_OBJC_IMPLEMENTATIONS = YES;
				CLANG_WARN_DIRECT_OBJC_ISA_USAGE = YES_ERROR;
				CLANG_WARN_DOCUMENTATION_COMMENTS = YES;
				CLANG_WARN_EMPTY_BODY = YES;
				CLANG_WARN_ENUM_CONVERSION = YES;
				CLANG_WARN_INFINITE_RECURSION = YES;
				CLANG_WARN_INT_CONVERSION = YES;
				CLANG_WARN_NON_LITERAL_NULL_CONVERSION = YES;
				CLANG_WARN_OBJC_IMPLICIT_RETAIN_SELF = YES;
				CLANG_WARN_OBJC_LITERAL_CONVERSION = YES;
				CLANG_WARN_OBJC_ROOT_CLASS = YES_ERROR;
				CLANG_WARN_QUOTED_INCLUDE_IN_FRAMEWORK_HEADER = YES;
				CLANG_WARN_RANGE_LOOP_ANALYSIS = YES;
				CLANG_WARN_STRICT_PROTOTYPES = YES;
				CLANG_WARN_SUSPICIOUS_MOVE = YES;
				CLANG_WARN_UNGUARDED_AVAILABILITY = YES_AGGRESSIVE;
				CLANG_WARN_UNREACHABLE_CODE = YES;
				CLANG_WARN__DUPLICATE_METHOD_MATCH = YES;
				COPY_PHASE_STRIP = NO;
				DEBUG_INFORMATION_FORMAT = dwarf;
				ENABLE_STRICT_OBJC_MSGSEND = YES;
				ENABLE_TESTABILITY = YES;
				ENABLE_USER_SCRIPT_SANDBOXING = YES;
				GCC_C_LANGUAGE_STANDARD = gnu17;
				GCC_DYNAMIC_NO_PIC = NO;
				GCC_NO_COMMON_BLOCKS = YES;
				GCC_OPTIMIZATION_LEVEL = 0;
				GCC_PREPROCESSOR_DEFINITIONS = (
					"DEBUG=1",
					"$(inherited)",
				);
				GCC_WARN_64_TO_32_BIT_CONVERSION = YES;
				GCC_WARN_ABOUT_RETURN_TYPE = YES_ERROR;
				GCC_WARN_UNDECLARED_SELECTOR = YES;
				GCC_WARN_UNINITIALIZED_AUTOS = YES_AGGRESSIVE;
				GCC_WARN_UNUSED_FUNCTION = YES;
				GCC_WARN_UNUSED_VARIABLE = YES;
				IPHONEOS_DEPLOYMENT_TARGET = 17.2;
				LOCALIZATION_PREFERS_STRING_CATALOGS = YES;
				MTL_ENABLE_DEBUG_INFO = INCLUDE_SOURCE;
				MTL_FAST_MATH = YES;
				ONLY_ACTIVE_ARCH = YES;
				SDKROOT = iphoneos;
				SWIFT_ACTIVE_COMPILATION_CONDITIONS = "DEBUG $(inherited)";
				SWIFT_OPTIMIZATION_LEVEL = "-Onone";
			};
			name = Debug;
		};
		A9D1222E2B7F4221002C254A /* Release */ = {
			isa = XCBuildConfiguration;
			buildSettings = {
				ALWAYS_SEARCH_USER_PATHS = NO;
				ASSETCATALOG_COMPILER_GENERATE_SWIFT_ASSET_SYMBOL_EXTENSIONS = YES;
				CLANG_ANALYZER_NONNULL = YES;
				CLANG_ANALYZER_NUMBER_OBJECT_CONVERSION = YES_AGGRESSIVE;
				CLANG_CXX_LANGUAGE_STANDARD = "gnu++20";
				CLANG_ENABLE_MODULES = YES;
				CLANG_ENABLE_OBJC_ARC = YES;
				CLANG_ENABLE_OBJC_WEAK = YES;
				CLANG_WARN_BLOCK_CAPTURE_AUTORELEASING = YES;
				CLANG_WARN_BOOL_CONVERSION = YES;
				CLANG_WARN_COMMA = YES;
				CLANG_WARN_CONSTANT_CONVERSION = YES;
				CLANG_WARN_DEPRECATED_OBJC_IMPLEMENTATIONS = YES;
				CLANG_WARN_DIRECT_OBJC_ISA_USAGE = YES_ERROR;
				CLANG_WARN_DOCUMENTATION_COMMENTS = YES;
				CLANG_WARN_EMPTY_BODY = YES;
				CLANG_WARN_ENUM_CONVERSION = YES;
				CLANG_WARN_INFINITE_RECURSION = YES;
				CLANG_WARN_INT_CONVERSION = YES;
				CLANG_WARN_NON_LITERAL_NULL_CONVERSION = YES;
				CLANG_WARN_OBJC_IMPLICIT_RETAIN_SELF = YES;
				CLANG_WARN_OBJC_LITERAL_CONVERSION = YES;
				CLANG_WARN_OBJC_ROOT_CLASS = YES_ERROR;
				CLANG_WARN_QUOTED_INCLUDE_IN_FRAMEWORK_HEADER = YES;
				CLANG_WARN_RANGE_LOOP_ANALYSIS = YES;
				CLANG_WARN_STRICT_PROTOTYPES = YES;
				CLANG_WARN_SUSPICIOUS_MOVE = YES;
				CLANG_WARN_UNGUARDED_AVAILABILITY = YES_AGGRESSIVE;
				CLANG_WARN_UNREACHABLE_CODE = YES;
				CLANG_WARN__DUPLICATE_METHOD_MATCH = YES;
				COPY_PHASE_STRIP = NO;
				DEBUG_INFORMATION_FORMAT = "dwarf-with-dsym";
				ENABLE_NS_ASSERTIONS = NO;
				ENABLE_STRICT_OBJC_MSGSEND = YES;
				ENABLE_USER_SCRIPT_SANDBOXING = YES;
				GCC_C_LANGUAGE_STANDARD = gnu17;
				GCC_NO_COMMON_BLOCKS = YES;
				GCC_WARN_64_TO_32_BIT_CONVERSION = YES;
				GCC_WARN_ABOUT_RETURN_TYPE = YES_ERROR;
				GCC_WARN_UNDECLARED_SELECTOR = YES;
				GCC_WARN_UNINITIALIZED_AUTOS = YES_AGGRESSIVE;
				GCC_WARN_UNUSED_FUNCTION = YES;
				GCC_WARN_UNUSED_VARIABLE = YES;
				IPHONEOS_DEPLOYMENT_TARGET = 17.2;
				LOCALIZATION_PREFERS_STRING_CATALOGS = YES;
				MTL_ENABLE_DEBUG_INFO = NO;
				MTL_FAST_MATH = YES;
				SDKROOT = iphoneos;
				SWIFT_COMPILATION_MODE = wholemodule;
				VALIDATE_PRODUCT = YES;
			};
			name = Release;
		};
		A9D122302B7F4221002C254A /* Debug */ = {
			isa = XCBuildConfiguration;
			buildSettings = {
				ASSETCATALOG_COMPILER_APPICON_NAME = AppIcon;
				ASSETCATALOG_COMPILER_GLOBAL_ACCENT_COLOR_NAME = AccentColor;
				CODE_SIGN_STYLE = Automatic;
				CURRENT_PROJECT_VERSION = 1;
				DEVELOPMENT_TEAM = C82955ZBE7;
				GENERATE_INFOPLIST_FILE = YES;
				INFOPLIST_FILE = "avenger-test/Info.plist";
				INFOPLIST_KEY_UIApplicationSupportsIndirectInputEvents = YES;
				INFOPLIST_KEY_UILaunchStoryboardName = LaunchScreen;
				INFOPLIST_KEY_UIMainStoryboardFile = Main;
				INFOPLIST_KEY_UISupportedInterfaceOrientations_iPad = "UIInterfaceOrientationPortrait UIInterfaceOrientationPortraitUpsideDown UIInterfaceOrientationLandscapeLeft UIInterfaceOrientationLandscapeRight";
				INFOPLIST_KEY_UISupportedInterfaceOrientations_iPhone = "UIInterfaceOrientationPortrait UIInterfaceOrientationLandscapeLeft UIInterfaceOrientationLandscapeRight";
				LD_RUNPATH_SEARCH_PATHS = (
					"$(inherited)",
					"@executable_path/Frameworks",
				);
				MARKETING_VERSION = 1.0;
				PRODUCT_BUNDLE_IDENTIFIER = "com.indra.avenger-test";
				PRODUCT_NAME = "$(TARGET_NAME)";
				SWIFT_EMIT_LOC_STRINGS = YES;
				SWIFT_VERSION = 5.0;
				TARGETED_DEVICE_FAMILY = "1,2";
			};
			name = Debug;
		};
		A9D122312B7F4221002C254A /* Release */ = {
			isa = XCBuildConfiguration;
			buildSettings = {
				ASSETCATALOG_COMPILER_APPICON_NAME = AppIcon;
				ASSETCATALOG_COMPILER_GLOBAL_ACCENT_COLOR_NAME = AccentColor;
				CODE_SIGN_STYLE = Automatic;
				CURRENT_PROJECT_VERSION = 1;
				DEVELOPMENT_TEAM = C82955ZBE7;
				GENERATE_INFOPLIST_FILE = YES;
				INFOPLIST_FILE = "avenger-test/Info.plist";
				INFOPLIST_KEY_UIApplicationSupportsIndirectInputEvents = YES;
				INFOPLIST_KEY_UILaunchStoryboardName = LaunchScreen;
				INFOPLIST_KEY_UIMainStoryboardFile = Main;
				INFOPLIST_KEY_UISupportedInterfaceOrientations_iPad = "UIInterfaceOrientationPortrait UIInterfaceOrientationPortraitUpsideDown UIInterfaceOrientationLandscapeLeft UIInterfaceOrientationLandscapeRight";
				INFOPLIST_KEY_UISupportedInterfaceOrientations_iPhone = "UIInterfaceOrientationPortrait UIInterfaceOrientationLandscapeLeft UIInterfaceOrientationLandscapeRight";
				LD_RUNPATH_SEARCH_PATHS = (
					"$(inherited)",
					"@executable_path/Frameworks",
				);
				MARKETING_VERSION = 1.0;
				PRODUCT_BUNDLE_IDENTIFIER = "com.indra.avenger-test";
				PRODUCT_NAME = "$(TARGET_NAME)";
				SWIFT_EMIT_LOC_STRINGS = YES;
				SWIFT_VERSION = 5.0;
				TARGETED_DEVICE_FAMILY = "1,2";
			};
			name = Release;
		};
		A9D122332B7F4221002C254A /* Debug */ = {
			isa = XCBuildConfiguration;
			buildSettings = {
				ALWAYS_EMBED_SWIFT_STANDARD_LIBRARIES = YES;
				BUNDLE_LOADER = "$(TEST_HOST)";
				CODE_SIGN_STYLE = Automatic;
				CURRENT_PROJECT_VERSION = 1;
				DEVELOPMENT_TEAM = C82955ZBE7;
				GENERATE_INFOPLIST_FILE = YES;
				IPHONEOS_DEPLOYMENT_TARGET = 17.2;
				MARKETING_VERSION = 1.0;
				PRODUCT_BUNDLE_IDENTIFIER = "com.indra.avenger-testTests";
				PRODUCT_NAME = "$(TARGET_NAME)";
				SWIFT_EMIT_LOC_STRINGS = NO;
				SWIFT_VERSION = 5.0;
				TARGETED_DEVICE_FAMILY = "1,2";
				TEST_HOST = "$(BUILT_PRODUCTS_DIR)/avenger-test.app/$(BUNDLE_EXECUTABLE_FOLDER_PATH)/avenger-test";
			};
			name = Debug;
		};
		A9D122342B7F4221002C254A /* Release */ = {
			isa = XCBuildConfiguration;
			buildSettings = {
				ALWAYS_EMBED_SWIFT_STANDARD_LIBRARIES = YES;
				BUNDLE_LOADER = "$(TEST_HOST)";
				CODE_SIGN_STYLE = Automatic;
				CURRENT_PROJECT_VERSION = 1;
				DEVELOPMENT_TEAM = C82955ZBE7;
				GENERATE_INFOPLIST_FILE = YES;
				IPHONEOS_DEPLOYMENT_TARGET = 17.2;
				MARKETING_VERSION = 1.0;
				PRODUCT_BUNDLE_IDENTIFIER = "com.indra.avenger-testTests";
				PRODUCT_NAME = "$(TARGET_NAME)";
				SWIFT_EMIT_LOC_STRINGS = NO;
				SWIFT_VERSION = 5.0;
				TARGETED_DEVICE_FAMILY = "1,2";
				TEST_HOST = "$(BUILT_PRODUCTS_DIR)/avenger-test.app/$(BUNDLE_EXECUTABLE_FOLDER_PATH)/avenger-test";
			};
			name = Release;
		};
		A9D122362B7F4221002C254A /* Debug */ = {
			isa = XCBuildConfiguration;
			buildSettings = {
				ALWAYS_EMBED_SWIFT_STANDARD_LIBRARIES = YES;
				CODE_SIGN_STYLE = Automatic;
				CURRENT_PROJECT_VERSION = 1;
				DEVELOPMENT_TEAM = C82955ZBE7;
				GENERATE_INFOPLIST_FILE = YES;
				MARKETING_VERSION = 1.0;
				PRODUCT_BUNDLE_IDENTIFIER = "com.indra.avenger-testUITests";
				PRODUCT_NAME = "$(TARGET_NAME)";
				SWIFT_EMIT_LOC_STRINGS = NO;
				SWIFT_VERSION = 5.0;
				TARGETED_DEVICE_FAMILY = "1,2";
				TEST_TARGET_NAME = "avenger-test";
			};
			name = Debug;
		};
		A9D122372B7F4221002C254A /* Release */ = {
			isa = XCBuildConfiguration;
			buildSettings = {
				ALWAYS_EMBED_SWIFT_STANDARD_LIBRARIES = YES;
				CODE_SIGN_STYLE = Automatic;
				CURRENT_PROJECT_VERSION = 1;
				DEVELOPMENT_TEAM = C82955ZBE7;
				GENERATE_INFOPLIST_FILE = YES;
				MARKETING_VERSION = 1.0;
				PRODUCT_BUNDLE_IDENTIFIER = "com.indra.avenger-testUITests";
				PRODUCT_NAME = "$(TARGET_NAME)";
				SWIFT_EMIT_LOC_STRINGS = NO;
				SWIFT_VERSION = 5.0;
				TARGETED_DEVICE_FAMILY = "1,2";
				TEST_TARGET_NAME = "avenger-test";
			};
			name = Release;
		};
/* End XCBuildConfiguration section */

/* Begin XCConfigurationList section */
		A9D121FD2B7F421F002C254A /* Build configuration list for PBXProject "avenger-test" */ = {
			isa = XCConfigurationList;
			buildConfigurations = (
				A9D1222D2B7F4221002C254A /* Debug */,
				A9D1222E2B7F4221002C254A /* Release */,
			);
			defaultConfigurationIsVisible = 0;
			defaultConfigurationName = Release;
		};
		A9D1222F2B7F4221002C254A /* Build configuration list for PBXNativeTarget "avenger-test" */ = {
			isa = XCConfigurationList;
			buildConfigurations = (
				A9D122302B7F4221002C254A /* Debug */,
				A9D122312B7F4221002C254A /* Release */,
			);
			defaultConfigurationIsVisible = 0;
			defaultConfigurationName = Release;
		};
		A9D122322B7F4221002C254A /* Build configuration list for PBXNativeTarget "avenger-testTests" */ = {
			isa = XCConfigurationList;
			buildConfigurations = (
				A9D122332B7F4221002C254A /* Debug */,
				A9D122342B7F4221002C254A /* Release */,
			);
			defaultConfigurationIsVisible = 0;
			defaultConfigurationName = Release;
		};
		A9D122352B7F4221002C254A /* Build configuration list for PBXNativeTarget "avenger-testUITests" */ = {
			isa = XCConfigurationList;
			buildConfigurations = (
				A9D122362B7F4221002C254A /* Debug */,
				A9D122372B7F4221002C254A /* Release */,
			);
			defaultConfigurationIsVisible = 0;
			defaultConfigurationName = Release;
		};
/* End XCConfigurationList section */

/* Begin XCVersionGroup section */
		A9D1220E2B7F421F002C254A /* avenger_test.xcdatamodeld */ = {
			isa = XCVersionGroup;
			children = (
				A9D1220F2B7F421F002C254A /* avenger_test.xcdatamodel */,
			);
			currentVersion = A9D1220F2B7F421F002C254A /* avenger_test.xcdatamodel */;
			path = avenger_test.xcdatamodeld;
			sourceTree = "<group>";
			versionGroupType = wrapper.xcdatamodel;
		};
/* End XCVersionGroup section */
	};
	rootObject = A9D121FA2B7F421F002C254A /* Project object */;
}
